// !$*UTF8*$!
{
	archiveVersion = 1;
	classes = {
	};
	objectVersion = 48;
	objects = {

/* Begin PBXBuildFile section */
		892C357720218AEC00222A44 /* AppDelegate.swift in Sources */ = {isa = PBXBuildFile; fileRef = 892C357620218AEC00222A44 /* AppDelegate.swift */; };
		892C357920218AEC00222A44 /* ViewController.swift in Sources */ = {isa = PBXBuildFile; fileRef = 892C357820218AEC00222A44 /* ViewController.swift */; };
		892C357C20218AED00222A44 /* Main.storyboard in Resources */ = {isa = PBXBuildFile; fileRef = 892C357A20218AED00222A44 /* Main.storyboard */; };
		892C357E20218AED00222A44 /* Assets.xcassets in Resources */ = {isa = PBXBuildFile; fileRef = 892C357D20218AED00222A44 /* Assets.xcassets */; };
		892C358120218AED00222A44 /* LaunchScreen.storyboard in Resources */ = {isa = PBXBuildFile; fileRef = 892C357F20218AED00222A44 /* LaunchScreen.storyboard */; };
		892C358C20218AED00222A44 /* pocket_zumoTests.swift in Sources */ = {isa = PBXBuildFile; fileRef = 892C358B20218AED00222A44 /* pocket_zumoTests.swift */; };
		892C359720218AED00222A44 /* pocket_zumoUITests.swift in Sources */ = {isa = PBXBuildFile; fileRef = 892C359620218AED00222A44 /* pocket_zumoUITests.swift */; };
		893956AA2022B8410026F58B /* 大.png in Resources */ = {isa = PBXBuildFile; fileRef = 893956A72022B8410026F58B /* 大.png */; };
		893956AB2022B8410026F58B /* 中.png in Resources */ = {isa = PBXBuildFile; fileRef = 893956A82022B8410026F58B /* 中.png */; };
		893956AC2022B8410026F58B /* 小.png in Resources */ = {isa = PBXBuildFile; fileRef = 893956A92022B8410026F58B /* 小.png */; };
		893956AE2022E0610026F58B /* 背景.jpg in Resources */ = {isa = PBXBuildFile; fileRef = 893956AD2022E0610026F58B /* 背景.jpg */; };
		893956B02022E2C30026F58B /* IBDesign.swift in Sources */ = {isa = PBXBuildFile; fileRef = 893956AF2022E2C20026F58B /* IBDesign.swift */; };
		899AF15B20286FC900DBA64E /* icon.png in Resources */ = {isa = PBXBuildFile; fileRef = 899AF15A20286FC900DBA64E /* icon.png */; };
/* End PBXBuildFile section */

/* Begin PBXContainerItemProxy section */
		892C358820218AED00222A44 /* PBXContainerItemProxy */ = {
			isa = PBXContainerItemProxy;
			containerPortal = 892C356B20218AEC00222A44 /* Project object */;
			proxyType = 1;
			remoteGlobalIDString = 892C357220218AEC00222A44;
			remoteInfo = pocket_zumo;
		};
		892C359320218AED00222A44 /* PBXContainerItemProxy */ = {
			isa = PBXContainerItemProxy;
			containerPortal = 892C356B20218AEC00222A44 /* Project object */;
			proxyType = 1;
			remoteGlobalIDString = 892C357220218AEC00222A44;
			remoteInfo = pocket_zumo;
		};
/* End PBXContainerItemProxy section */

/* Begin PBXFileReference section */
		892C357320218AEC00222A44 /* pocket_zumo.app */ = {isa = PBXFileReference; explicitFileType = wrapper.application; includeInIndex = 0; path = pocket_zumo.app; sourceTree = BUILT_PRODUCTS_DIR; };
		892C357620218AEC00222A44 /* AppDelegate.swift */ = {isa = PBXFileReference; lastKnownFileType = sourcecode.swift; path = AppDelegate.swift; sourceTree = "<group>"; };
		892C357820218AEC00222A44 /* ViewController.swift */ = {isa = PBXFileReference; lastKnownFileType = sourcecode.swift; path = ViewController.swift; sourceTree = "<group>"; };
		892C357B20218AED00222A44 /* Base */ = {isa = PBXFileReference; lastKnownFileType = file.storyboard; name = Base; path = Base.lproj/Main.storyboard; sourceTree = "<group>"; };
		892C357D20218AED00222A44 /* Assets.xcassets */ = {isa = PBXFileReference; lastKnownFileType = folder.assetcatalog; path = Assets.xcassets; sourceTree = "<group>"; };
		892C358020218AED00222A44 /* Base */ = {isa = PBXFileReference; lastKnownFileType = file.storyboard; name = Base; path = Base.lproj/LaunchScreen.storyboard; sourceTree = "<group>"; };
		892C358220218AED00222A44 /* Info.plist */ = {isa = PBXFileReference; lastKnownFileType = text.plist.xml; path = Info.plist; sourceTree = "<group>"; };
		892C358720218AED00222A44 /* pocket_zumoTests.xctest */ = {isa = PBXFileReference; explicitFileType = wrapper.cfbundle; includeInIndex = 0; path = pocket_zumoTests.xctest; sourceTree = BUILT_PRODUCTS_DIR; };
		892C358B20218AED00222A44 /* pocket_zumoTests.swift */ = {isa = PBXFileReference; lastKnownFileType = sourcecode.swift; path = pocket_zumoTests.swift; sourceTree = "<group>"; };
		892C358D20218AED00222A44 /* Info.plist */ = {isa = PBXFileReference; lastKnownFileType = text.plist.xml; path = Info.plist; sourceTree = "<group>"; };
		892C359220218AED00222A44 /* pocket_zumoUITests.xctest */ = {isa = PBXFileReference; explicitFileType = wrapper.cfbundle; includeInIndex = 0; path = pocket_zumoUITests.xctest; sourceTree = BUILT_PRODUCTS_DIR; };
		892C359620218AED00222A44 /* pocket_zumoUITests.swift */ = {isa = PBXFileReference; lastKnownFileType = sourcecode.swift; path = pocket_zumoUITests.swift; sourceTree = "<group>"; };
		892C359820218AED00222A44 /* Info.plist */ = {isa = PBXFileReference; lastKnownFileType = text.plist.xml; path = Info.plist; sourceTree = "<group>"; };
		893956A72022B8410026F58B /* 大.png */ = {isa = PBXFileReference; lastKnownFileType = image.png; path = "大.png"; sourceTree = "<group>"; };
		893956A82022B8410026F58B /* 中.png */ = {isa = PBXFileReference; lastKnownFileType = image.png; path = "中.png"; sourceTree = "<group>"; };
		893956A92022B8410026F58B /* 小.png */ = {isa = PBXFileReference; lastKnownFileType = image.png; path = "小.png"; sourceTree = "<group>"; };
		893956AD2022E0610026F58B /* 背景.jpg */ = {isa = PBXFileReference; lastKnownFileType = image.jpeg; path = "背景.jpg"; sourceTree = "<group>"; };
		893956AF2022E2C20026F58B /* IBDesign.swift */ = {isa = PBXFileReference; fileEncoding = 4; lastKnownFileType = sourcecode.swift; path = IBDesign.swift; sourceTree = "<group>"; };
		899AF15A20286FC900DBA64E /* icon.png */ = {isa = PBXFileReference; lastKnownFileType = image.png; path = icon.png; sourceTree = "<group>"; };
/* End PBXFileReference section */

/* Begin PBXFrameworksBuildPhase section */
		892C357020218AEC00222A44 /* Frameworks */ = {
			isa = PBXFrameworksBuildPhase;
			buildActionMask = 2147483647;
			files = (
			);
			runOnlyForDeploymentPostprocessing = 0;
		};
		892C358420218AED00222A44 /* Frameworks */ = {
			isa = PBXFrameworksBuildPhase;
			buildActionMask = 2147483647;
			files = (
			);
			runOnlyForDeploymentPostprocessing = 0;
		};
		892C358F20218AED00222A44 /* Frameworks */ = {
			isa = PBXFrameworksBuildPhase;
			buildActionMask = 2147483647;
			files = (
			);
			runOnlyForDeploymentPostprocessing = 0;
		};
/* End PBXFrameworksBuildPhase section */

/* Begin PBXGroup section */
		892C356A20218AEC00222A44 = {
			isa = PBXGroup;
			children = (
				892C357520218AEC00222A44 /* pocket_zumo */,
				892C358A20218AED00222A44 /* pocket_zumoTests */,
				892C359520218AED00222A44 /* pocket_zumoUITests */,
				892C357420218AEC00222A44 /* Products */,
			);
			sourceTree = "<group>";
		};
		892C357420218AEC00222A44 /* Products */ = {
			isa = PBXGroup;
			children = (
				892C357320218AEC00222A44 /* pocket_zumo.app */,
				892C358720218AED00222A44 /* pocket_zumoTests.xctest */,
				892C359220218AED00222A44 /* pocket_zumoUITests.xctest */,
			);
			name = Products;
			sourceTree = "<group>";
		};
		892C357520218AEC00222A44 /* pocket_zumo */ = {
			isa = PBXGroup;
			children = (
				899AF15A20286FC900DBA64E /* icon.png */,
				893956AD2022E0610026F58B /* 背景.jpg */,
				893956A92022B8410026F58B /* 小.png */,
				893956A72022B8410026F58B /* 大.png */,
				893956A82022B8410026F58B /* 中.png */,
				893956AF2022E2C20026F58B /* IBDesign.swift */,
				892C357620218AEC00222A44 /* AppDelegate.swift */,
				892C357820218AEC00222A44 /* ViewController.swift */,
				892C357A20218AED00222A44 /* Main.storyboard */,
				892C357D20218AED00222A44 /* Assets.xcassets */,
				892C357F20218AED00222A44 /* LaunchScreen.storyboard */,
				892C358220218AED00222A44 /* Info.plist */,
			);
			path = pocket_zumo;
			sourceTree = "<group>";
		};
		892C358A20218AED00222A44 /* pocket_zumoTests */ = {
			isa = PBXGroup;
			children = (
				892C358B20218AED00222A44 /* pocket_zumoTests.swift */,
				892C358D20218AED00222A44 /* Info.plist */,
			);
			path = pocket_zumoTests;
			sourceTree = "<group>";
		};
		892C359520218AED00222A44 /* pocket_zumoUITests */ = {
			isa = PBXGroup;
			children = (
				892C359620218AED00222A44 /* pocket_zumoUITests.swift */,
				892C359820218AED00222A44 /* Info.plist */,
			);
			path = pocket_zumoUITests;
			sourceTree = "<group>";
		};
/* End PBXGroup section */

/* Begin PBXNativeTarget section */
		892C357220218AEC00222A44 /* pocket_zumo */ = {
			isa = PBXNativeTarget;
			buildConfigurationList = 892C359B20218AED00222A44 /* Build configuration list for PBXNativeTarget "pocket_zumo" */;
			buildPhases = (
				892C356F20218AEC00222A44 /* Sources */,
				892C357020218AEC00222A44 /* Frameworks */,
				892C357120218AEC00222A44 /* Resources */,
			);
			buildRules = (
			);
			dependencies = (
			);
			name = pocket_zumo;
			productName = pocket_zumo;
			productReference = 892C357320218AEC00222A44 /* pocket_zumo.app */;
			productType = "com.apple.product-type.application";
		};
		892C358620218AED00222A44 /* pocket_zumoTests */ = {
			isa = PBXNativeTarget;
			buildConfigurationList = 892C359E20218AED00222A44 /* Build configuration list for PBXNativeTarget "pocket_zumoTests" */;
			buildPhases = (
				892C358320218AED00222A44 /* Sources */,
				892C358420218AED00222A44 /* Frameworks */,
				892C358520218AED00222A44 /* Resources */,
			);
			buildRules = (
			);
			dependencies = (
				892C358920218AED00222A44 /* PBXTargetDependency */,
			);
			name = pocket_zumoTests;
			productName = pocket_zumoTests;
			productReference = 892C358720218AED00222A44 /* pocket_zumoTests.xctest */;
			productType = "com.apple.product-type.bundle.unit-test";
		};
		892C359120218AED00222A44 /* pocket_zumoUITests */ = {
			isa = PBXNativeTarget;
			buildConfigurationList = 892C35A120218AED00222A44 /* Build configuration list for PBXNativeTarget "pocket_zumoUITests" */;
			buildPhases = (
				892C358E20218AED00222A44 /* Sources */,
				892C358F20218AED00222A44 /* Frameworks */,
				892C359020218AED00222A44 /* Resources */,
			);
			buildRules = (
			);
			dependencies = (
				892C359420218AED00222A44 /* PBXTargetDependency */,
			);
			name = pocket_zumoUITests;
			productName = pocket_zumoUITests;
			productReference = 892C359220218AED00222A44 /* pocket_zumoUITests.xctest */;
			productType = "com.apple.product-type.bundle.ui-testing";
		};
/* End PBXNativeTarget section */

/* Begin PBXProject section */
		892C356B20218AEC00222A44 /* Project object */ = {
			isa = PBXProject;
			attributes = {
				LastSwiftUpdateCheck = 0920;
				LastUpgradeCheck = 0920;
				ORGANIZATIONNAME = "杉山航";
				TargetAttributes = {
					892C357220218AEC00222A44 = {
						CreatedOnToolsVersion = 9.2;
						ProvisioningStyle = Automatic;
					};
					892C358620218AED00222A44 = {
						CreatedOnToolsVersion = 9.2;
						ProvisioningStyle = Automatic;
						TestTargetID = 892C357220218AEC00222A44;
					};
					892C359120218AED00222A44 = {
						CreatedOnToolsVersion = 9.2;
						ProvisioningStyle = Automatic;
						TestTargetID = 892C357220218AEC00222A44;
					};
				};
			};
			buildConfigurationList = 892C356E20218AEC00222A44 /* Build configuration list for PBXProject "pocket_zumo" */;
			compatibilityVersion = "Xcode 8.0";
			developmentRegion = en;
			hasScannedForEncodings = 0;
			knownRegions = (
				en,
				Base,
			);
			mainGroup = 892C356A20218AEC00222A44;
			productRefGroup = 892C357420218AEC00222A44 /* Products */;
			projectDirPath = "";
			projectRoot = "";
			targets = (
				892C357220218AEC00222A44 /* pocket_zumo */,
				892C358620218AED00222A44 /* pocket_zumoTests */,
				892C359120218AED00222A44 /* pocket_zumoUITests */,
			);
		};
/* End PBXProject section */

/* Begin PBXResourcesBuildPhase section */
		892C357120218AEC00222A44 /* Resources */ = {
			isa = PBXResourcesBuildPhase;
			buildActionMask = 2147483647;
			files = (
				892C358120218AED00222A44 /* LaunchScreen.storyboard in Resources */,
				892C357E20218AED00222A44 /* Assets.xcassets in Resources */,
				893956AB2022B8410026F58B /* 中.png in Resources */,
				893956AC2022B8410026F58B /* 小.png in Resources */,
				899AF15B20286FC900DBA64E /* icon.png in Resources */,
				892C357C20218AED00222A44 /* Main.storyboard in Resources */,
				893956AE2022E0610026F58B /* 背景.jpg in Resources */,
				893956AA2022B8410026F58B /* 大.png in Resources */,
			);
			runOnlyForDeploymentPostprocessing = 0;
		};
		892C358520218AED00222A44 /* Resources */ = {
			isa = PBXResourcesBuildPhase;
			buildActionMask = 2147483647;
			files = (
			);
			runOnlyForDeploymentPostprocessing = 0;
		};
		892C359020218AED00222A44 /* Resources */ = {
			isa = PBXResourcesBuildPhase;
			buildActionMask = 2147483647;
			files = (
			);
			runOnlyForDeploymentPostprocessing = 0;
		};
/* End PBXResourcesBuildPhase section */

/* Begin PBXSourcesBuildPhase section */
		892C356F20218AEC00222A44 /* Sources */ = {
			isa = PBXSourcesBuildPhase;
			buildActionMask = 2147483647;
			files = (
				892C357920218AEC00222A44 /* ViewController.swift in Sources */,
				892C357720218AEC00222A44 /* AppDelegate.swift in Sources */,
				893956B02022E2C30026F58B /* IBDesign.swift in Sources */,
			);
			runOnlyForDeploymentPostprocessing = 0;
		};
		892C358320218AED00222A44 /* Sources */ = {
			isa = PBXSourcesBuildPhase;
			buildActionMask = 2147483647;
			files = (
				892C358C20218AED00222A44 /* pocket_zumoTests.swift in Sources */,
			);
			runOnlyForDeploymentPostprocessing = 0;
		};
		892C358E20218AED00222A44 /* Sources */ = {
			isa = PBXSourcesBuildPhase;
			buildActionMask = 2147483647;
			files = (
				892C359720218AED00222A44 /* pocket_zumoUITests.swift in Sources */,
			);
			runOnlyForDeploymentPostprocessing = 0;
		};
/* End PBXSourcesBuildPhase section */

/* Begin PBXTargetDependency section */
		892C358920218AED00222A44 /* PBXTargetDependency */ = {
			isa = PBXTargetDependency;
			target = 892C357220218AEC00222A44 /* pocket_zumo */;
			targetProxy = 892C358820218AED00222A44 /* PBXContainerItemProxy */;
		};
		892C359420218AED00222A44 /* PBXTargetDependency */ = {
			isa = PBXTargetDependency;
			target = 892C357220218AEC00222A44 /* pocket_zumo */;
			targetProxy = 892C359320218AED00222A44 /* PBXContainerItemProxy */;
		};
/* End PBXTargetDependency section */

/* Begin PBXVariantGroup section */
		892C357A20218AED00222A44 /* Main.storyboard */ = {
			isa = PBXVariantGroup;
			children = (
				892C357B20218AED00222A44 /* Base */,
			);
			name = Main.storyboard;
			sourceTree = "<group>";
		};
		892C357F20218AED00222A44 /* LaunchScreen.storyboard */ = {
			isa = PBXVariantGroup;
			children = (
				892C358020218AED00222A44 /* Base */,
			);
			name = LaunchScreen.storyboard;
			sourceTree = "<group>";
		};
/* End PBXVariantGroup section */

/* Begin XCBuildConfiguration section */
		892C359920218AED00222A44 /* Debug */ = {
			isa = XCBuildConfiguration;
			buildSettings = {
				ALWAYS_SEARCH_USER_PATHS = NO;
				CLANG_ANALYZER_NONNULL = YES;
				CLANG_ANALYZER_NUMBER_OBJECT_CONVERSION = YES_AGGRESSIVE;
				CLANG_CXX_LANGUAGE_STANDARD = "gnu++14";
				CLANG_CXX_LIBRARY = "libc++";
				CLANG_ENABLE_MODULES = YES;
				CLANG_ENABLE_OBJC_ARC = YES;
				CLANG_WARN_BLOCK_CAPTURE_AUTORELEASING = YES;
				CLANG_WARN_BOOL_CONVERSION = YES;
				CLANG_WARN_COMMA = YES;
				CLANG_WARN_CONSTANT_CONVERSION = YES;
				CLANG_WARN_DIRECT_OBJC_ISA_USAGE = YES_ERROR;
				CLANG_WARN_DOCUMENTATION_COMMENTS = YES;
				CLANG_WARN_EMPTY_BODY = YES;
				CLANG_WARN_ENUM_CONVERSION = YES;
				CLANG_WARN_INFINITE_RECURSION = YES;
				CLANG_WARN_INT_CONVERSION = YES;
				CLANG_WARN_NON_LITERAL_NULL_CONVERSION = YES;
				CLANG_WARN_OBJC_LITERAL_CONVERSION = YES;
				CLANG_WARN_OBJC_ROOT_CLASS = YES_ERROR;
				CLANG_WARN_RANGE_LOOP_ANALYSIS = YES;
				CLANG_WARN_STRICT_PROTOTYPES = YES;
				CLANG_WARN_SUSPICIOUS_MOVE = YES;
				CLANG_WARN_UNGUARDED_AVAILABILITY = YES_AGGRESSIVE;
				CLANG_WARN_UNREACHABLE_CODE = YES;
				CLANG_WARN__DUPLICATE_METHOD_MATCH = YES;
				CODE_SIGN_IDENTITY = "iPhone Developer";
				COPY_PHASE_STRIP = NO;
				DEBUG_INFORMATION_FORMAT = dwarf;
				ENABLE_STRICT_OBJC_MSGSEND = YES;
				ENABLE_TESTABILITY = YES;
				GCC_C_LANGUAGE_STANDARD = gnu11;
				GCC_DYNAMIC_NO_PIC = NO;
				GCC_NO_COMMON_BLOCKS = YES;
				GCC_OPTIMIZATION_LEVEL = 0;
				GCC_PREPROCESSOR_DEFINITIONS = (
					"DEBUG=1",
					"$(inherited)",
				);
				GCC_WARN_64_TO_32_BIT_CONVERSION = YES;
				GCC_WARN_ABOUT_RETURN_TYPE = YES_ERROR;
				GCC_WARN_UNDECLARED_SELECTOR = YES;
				GCC_WARN_UNINITIALIZED_AUTOS = YES_AGGRESSIVE;
				GCC_WARN_UNUSED_FUNCTION = YES;
				GCC_WARN_UNUSED_VARIABLE = YES;
				IPHONEOS_DEPLOYMENT_TARGET = 11.2;
				MTL_ENABLE_DEBUG_INFO = YES;
				ONLY_ACTIVE_ARCH = YES;
				SDKROOT = iphoneos;
				SWIFT_ACTIVE_COMPILATION_CONDITIONS = DEBUG;
				SWIFT_OPTIMIZATION_LEVEL = "-Onone";
			};
			name = Debug;
		};
		892C359A20218AED00222A44 /* Release */ = {
			isa = XCBuildConfiguration;
			buildSettings = {
				ALWAYS_SEARCH_USER_PATHS = NO;
				CLANG_ANALYZER_NONNULL = YES;
				CLANG_ANALYZER_NUMBER_OBJECT_CONVERSION = YES_AGGRESSIVE;
				CLANG_CXX_LANGUAGE_STANDARD = "gnu++14";
				CLANG_CXX_LIBRARY = "libc++";
				CLANG_ENABLE_MODULES = YES;
				CLANG_ENABLE_OBJC_ARC = YES;
				CLANG_WARN_BLOCK_CAPTURE_AUTORELEASING = YES;
				CLANG_WARN_BOOL_CONVERSION = YES;
				CLANG_WARN_COMMA = YES;
				CLANG_WARN_CONSTANT_CONVERSION = YES;
				CLANG_WARN_DIRECT_OBJC_ISA_USAGE = YES_ERROR;
				CLANG_WARN_DOCUMENTATION_COMMENTS = YES;
				CLANG_WARN_EMPTY_BODY = YES;
				CLANG_WARN_ENUM_CONVERSION = YES;
				CLANG_WARN_INFINITE_RECURSION = YES;
				CLANG_WARN_INT_CONVERSION = YES;
				CLANG_WARN_NON_LITERAL_NULL_CONVERSION = YES;
				CLANG_WARN_OBJC_LITERAL_CONVERSION = YES;
				CLANG_WARN_OBJC_ROOT_CLASS = YES_ERROR;
				CLANG_WARN_RANGE_LOOP_ANALYSIS = YES;
				CLANG_WARN_STRICT_PROTOTYPES = YES;
				CLANG_WARN_SUSPICIOUS_MOVE = YES;
				CLANG_WARN_UNGUARDED_AVAILABILITY = YES_AGGRESSIVE;
				CLANG_WARN_UNREACHABLE_CODE = YES;
				CLANG_WARN__DUPLICATE_METHOD_MATCH = YES;
				CODE_SIGN_IDENTITY = "iPhone Developer";
				COPY_PHASE_STRIP = NO;
				DEBUG_INFORMATION_FORMAT = "dwarf-with-dsym";
				ENABLE_NS_ASSERTIONS = NO;
				ENABLE_STRICT_OBJC_MSGSEND = YES;
				GCC_C_LANGUAGE_STANDARD = gnu11;
				GCC_NO_COMMON_BLOCKS = YES;
				GCC_WARN_64_TO_32_BIT_CONVERSION = YES;
				GCC_WARN_ABOUT_RETURN_TYPE = YES_ERROR;
				GCC_WARN_UNDECLARED_SELECTOR = YES;
				GCC_WARN_UNINITIALIZED_AUTOS = YES_AGGRESSIVE;
				GCC_WARN_UNUSED_FUNCTION = YES;
				GCC_WARN_UNUSED_VARIABLE = YES;
				IPHONEOS_DEPLOYMENT_TARGET = 11.2;
				MTL_ENABLE_DEBUG_INFO = NO;
				SDKROOT = iphoneos;
				SWIFT_OPTIMIZATION_LEVEL = "-Owholemodule";
				VALIDATE_PRODUCT = YES;
			};
			name = Release;
		};
		892C359C20218AED00222A44 /* Debug */ = {
			isa = XCBuildConfiguration;
			buildSettings = {
				ASSETCATALOG_COMPILER_APPICON_NAME = AppIcon;
				CODE_SIGN_STYLE = Automatic;
				DEVELOPMENT_TEAM = NV6EXP3568;
				INFOPLIST_FILE = pocket_zumo/Info.plist;
				IPHONEOS_DEPLOYMENT_TARGET = 11.0;
				LD_RUNPATH_SEARCH_PATHS = "$(inherited) @executable_path/Frameworks";
				PRODUCT_BUNDLE_IDENTIFIER = nepuson.com.pocketzumo;
				PRODUCT_NAME = "$(TARGET_NAME)";
				SWIFT_VERSION = 4.0;
				TARGETED_DEVICE_FAMILY = "1,2";
			};
			name = Debug;
		};
		892C359D20218AED00222A44 /* Release */ = {
			isa = XCBuildConfiguration;
			buildSettings = {
				ASSETCATALOG_COMPILER_APPICON_NAME = AppIcon;
				CODE_SIGN_STYLE = Automatic;
				DEVELOPMENT_TEAM = NV6EXP3568;
				INFOPLIST_FILE = pocket_zumo/Info.plist;
				IPHONEOS_DEPLOYMENT_TARGET = 11.0;
				LD_RUNPATH_SEARCH_PATHS = "$(inherited) @executable_path/Frameworks";
				PRODUCT_BUNDLE_IDENTIFIER = nepuson.com.pocketzumo;
				PRODUCT_NAME = "$(TARGET_NAME)";
				SWIFT_VERSION = 4.0;
				TARGETED_DEVICE_FAMILY = "1,2";
			};
			name = Release;
		};
		892C359F20218AED00222A44 /* Debug */ = {
			isa = XCBuildConfiguration;
			buildSettings = {
				ALWAYS_EMBED_SWIFT_STANDARD_LIBRARIES = YES;
				BUNDLE_LOADER = "$(TEST_HOST)";
				CODE_SIGN_STYLE = Automatic;
				INFOPLIST_FILE = pocket_zumoTests/Info.plist;
				LD_RUNPATH_SEARCH_PATHS = "$(inherited) @executable_path/Frameworks @loader_path/Frameworks";
				PRODUCT_BUNDLE_IDENTIFIER = "com.nepuson.pocket-zumoTests";
				PRODUCT_NAME = "$(TARGET_NAME)";
				SWIFT_VERSION = 4.0;
				TARGETED_DEVICE_FAMILY = "1,2";
				TEST_HOST = "$(BUILT_PRODUCTS_DIR)/pocket_zumo.app/pocket_zumo";
			};
			name = Debug;
		};
		892C35A020218AED00222A44 /* Release */ = {
			isa = XCBuildConfiguration;
			buildSettings = {
				ALWAYS_EMBED_SWIFT_STANDARD_LIBRARIES = YES;
				BUNDLE_LOADER = "$(TEST_HOST)";
				CODE_SIGN_STYLE = Automatic;
				INFOPLIST_FILE = pocket_zumoTests/Info.plist;
				LD_RUNPATH_SEARCH_PATHS = "$(inherited) @executable_path/Frameworks @loader_path/Frameworks";
				PRODUCT_BUNDLE_IDENTIFIER = "com.nepuson.pocket-zumoTests";
				PRODUCT_NAME = "$(TARGET_NAME)";
				SWIFT_VERSION = 4.0;
				TARGETED_DEVICE_FAMILY = "1,2";
				TEST_HOST = "$(BUILT_PRODUCTS_DIR)/pocket_zumo.app/pocket_zumo";
			};
			name = Release;
		};
		892C35A220218AED00222A44 /* Debug */ = {
			isa = XCBuildConfiguration;
			buildSettings = {
				ALWAYS_EMBED_SWIFT_STANDARD_LIBRARIES = YES;
				CODE_SIGN_STYLE = Automatic;
				INFOPLIST_FILE = pocket_zumoUITests/Info.plist;
				LD_RUNPATH_SEARCH_PATHS = "$(inherited) @executable_path/Frameworks @loader_path/Frameworks";
				PRODUCT_BUNDLE_IDENTIFIER = "com.nepuson.pocket-zumoUITests";
				PRODUCT_NAME = "$(TARGET_NAME)";
				SWIFT_VERSION = 4.0;
				TARGETED_DEVICE_FAMILY = "1,2";
				TEST_TARGET_NAME = pocket_zumo;
			};
			name = Debug;
		};
		892C35A320218AED00222A44 /* Release */ = {
			isa = XCBuildConfiguration;
			buildSettings = {
				ALWAYS_EMBED_SWIFT_STANDARD_LIBRARIES = YES;
				CODE_SIGN_STYLE = Automatic;
				INFOPLIST_FILE = pocket_zumoUITests/Info.plist;
				LD_RUNPATH_SEARCH_PATHS = "$(inherited) @executable_path/Frameworks @loader_path/Frameworks";
				PRODUCT_BUNDLE_IDENTIFIER = "com.nepuson.pocket-zumoUITests";
				PRODUCT_NAME = "$(TARGET_NAME)";
				SWIFT_VERSION = 4.0;
				TARGETED_DEVICE_FAMILY = "1,2";
				TEST_TARGET_NAME = pocket_zumo;
			};
			name = Release;
		};
/* End XCBuildConfiguration section */

/* Begin XCConfigurationList section */
		892C356E20218AEC00222A44 /* Build configuration list for PBXProject "pocket_zumo" */ = {
			isa = XCConfigurationList;
			buildConfigurations = (
				892C359920218AED00222A44 /* Debug */,
				892C359A20218AED00222A44 /* Release */,
			);
			defaultConfigurationIsVisible = 0;
			defaultConfigurationName = Release;
		};
		892C359B20218AED00222A44 /* Build configuration list for PBXNativeTarget "pocket_zumo" */ = {
			isa = XCConfigurationList;
			buildConfigurations = (
				892C359C20218AED00222A44 /* Debug */,
				892C359D20218AED00222A44 /* Release */,
			);
			defaultConfigurationIsVisible = 0;
			defaultConfigurationName = Release;
		};
		892C359E20218AED00222A44 /* Build configuration list for PBXNativeTarget "pocket_zumoTests" */ = {
			isa = XCConfigurationList;
			buildConfigurations = (
				892C359F20218AED00222A44 /* Debug */,
				892C35A020218AED00222A44 /* Release */,
			);
			defaultConfigurationIsVisible = 0;
			defaultConfigurationName = Release;
		};
		892C35A120218AED00222A44 /* Build configuration list for PBXNativeTarget "pocket_zumoUITests" */ = {
			isa = XCConfigurationList;
			buildConfigurations = (
				892C35A220218AED00222A44 /* Debug */,
				892C35A320218AED00222A44 /* Release */,
			);
			defaultConfigurationIsVisible = 0;
			defaultConfigurationName = Release;
		};
/* End XCConfigurationList section */
	};
	rootObject = 892C356B20218AEC00222A44 /* Project object */;
}
